
Microsoft Visual Studio Solution File, Format Version 12.00
# Visual Studio Version 17
VisualStudioVersion = 17.14.36109.1 d17.14
MinimumVisualStudioVersion = 10.0.40219.1
Project("{8BC9CEB8-8B4A-11D0-8D11-00A0C91BC942}") = "helper", "helper\helper.vcxproj", "{636AB5A7-D892-4BD1-BCF6-05F08A391B5C}"
EndProject
Global
	GlobalSection(SolutionConfigurationPlatforms) = preSolution
		Debug|x64 = Debug|x64
		Debug|x86 = Debug|x86
		Release|x64 = Release|x64
		Release|x86 = Release|x86
	EndGlobalSection
	GlobalSection(ProjectConfigurationPlatforms) = postSolution
		{636AB5A7-D892-4BD1-BCF6-05F08A391B5C}.Debug|x64.ActiveCfg = Debug|x64
		{636AB5A7-D892-4BD1-BCF6-05F08A391B5C}.Debug|x64.Build.0 = Debug|x64
		{636AB5A7-D892-4BD1-BCF6-05F08A391B5C}.Debug|x86.ActiveCfg = Debug|Win32
		{636AB5A7-D892-4BD1-BCF6-05F08A391B5C}.Debug|x86.Build.0 = Debug|Win32
		{636AB5A7-D892-4BD1-BCF6-05F08A391B5C}.Release|x64.ActiveCfg = Release|x64
		{636AB5A7-D892-4BD1-BCF6-05F08A391B5C}.Release|x64.Build.0 = Release|x64
		{636AB5A7-D892-4BD1-BCF6-05F08A391B5C}.Release|x86.ActiveCfg = Release|Win32
		{636AB5A7-D892-4BD1-BCF6-05F08A391B5C}.Release|x86.Build.0 = Release|Win32
	EndGlobalSection
	GlobalSection(SolutionProperties) = preSolution
		HideSolutionNode = FALSE
	EndGlobalSection
	GlobalSection(ExtensibilityGlobals) = postSolution
		SolutionGuid = {5936F529-CFDD-4A78-AA3B-92FF163691E3}
	EndGlobalSection
EndGlobal
